{
  "name": "frontend",
  "lockfileVersion": 3,
  "requires": true,
  "packages": {
    "": {
      "dependencies": {
        "twitterclone": "file:.."
      }
    },
    "..": {
      "name": "twitterclone",
      "version": "1.0.0",
      "license": "ISC",
      "dependencies": {
        "bcryptjs": "^2.4.3",
        "cloudinary": "^2.2.0",
        "cookie-parser": "^1.4.6",
        "cors": "^2.8.5",
        "dotenv": "^16.4.5",
        "express": "^4.19.2",
        "install": "^0.13.0",
        "jsonwebtoken": "^9.0.2",
        "mongoose": "^8.4.4",
        "nodemon": "^3.1.4"
      }
    },
    "node_modules/twitterclone": {
      "resolved": "..",
      "link": true
    }
  }
}
